
Microsoft Visual Studio Solution File, Format Version 12.00
# Visual Studio Version 17
VisualStudioVersion = 17.0.32112.339
MinimumVisualStudioVersion = 10.0.40219.1
Project("{FAE04EC0-301F-11D3-BF4B-00C04F79EFBC}") = "Polymorphisim - Exercise 1", "Polymorphisim - Exercise 1\Polymorphisim - Exercise 1.csproj", "{285D8152-FAC4-4CDC-A650-9DBCD5FBF102}"
EndProject
Global
	GlobalSection(SolutionConfigurationPlatforms) = preSolution
		Debug|Any CPU = Debug|Any CPU
		Release|Any CPU = Release|Any CPU
	EndGlobalSection
	GlobalSection(ProjectConfigurationPlatforms) = postSolution
		{285D8152-FAC4-4CDC-A650-9DBCD5FBF102}.Debug|Any CPU.ActiveCfg = Debug|Any CPU
		{285D8152-FAC4-4CDC-A650-9DBCD5FBF102}.Debug|Any CPU.Build.0 = Debug|Any CPU
		{285D8152-FAC4-4CDC-A650-9DBCD5FBF102}.Release|Any CPU.ActiveCfg = Release|Any CPU
		{285D8152-FAC4-4CDC-A650-9DBCD5FBF102}.Release|Any CPU.Build.0 = Release|Any CPU
	EndGlobalSection
	GlobalSection(SolutionProperties) = preSolution
		HideSolutionNode = FALSE
	EndGlobalSection
	GlobalSection(ExtensibilityGlobals) = postSolution
		SolutionGuid = {83A6ADAE-7DFB-4280-8561-AD38DBFE5082}
	EndGlobalSection
EndGlobal
